
Microsoft Visual Studio Solution File, Format Version 12.00
# Visual Studio 14
VisualStudioVersion = 14.0.23107.0
MinimumVisualStudioVersion = 10.0.40219.1
Project("{FAE04EC0-301F-11D3-BF4B-00C04F79EFBC}") = "MultiThreadedApplication101", "MultiThreadedApplication101\MultiThreadedApplication101.csproj", "{D4C51974-E527-499B-A24F-0121CD10252F}"
EndProject
Project("{FAE04EC0-301F-11D3-BF4B-00C04F79EFBC}") = "BasicConsoleApplication", "BasicConsoleApplication\BasicConsoleApplication.csproj", "{26335E4F-BA8E-4016-A2A2-1E2F2C693EDA}"
EndProject
Project("{FAE04EC0-301F-11D3-BF4B-00C04F79EFBC}") = "TPL101", "TasksParallelLibrary101\TPL101.csproj", "{1057D601-72D2-4E82-BDB1-CDE39B138BC5}"
EndProject
Project("{FAE04EC0-301F-11D3-BF4B-00C04F79EFBC}") = "TPLThreadsVsTasks", "ThreadsVsTasks\TPLThreadsVsTasks.csproj", "{9A172EA8-E454-48AD-AB50-CDF536E9C49C}"
EndProject
Project("{FAE04EC0-301F-11D3-BF4B-00C04F79EFBC}") = "TPLCreatingTasks", "CreatingTasks\TPLCreatingTasks.csproj", "{BDAB6431-603A-42F0-9AE6-A7CF594B24BB}"
EndProject
Project("{FAE04EC0-301F-11D3-BF4B-00C04F79EFBC}") = "TPLUncaughtExceptionInWinForms", "TPLUncaughtExceptionInWinForms\TPLUncaughtExceptionInWinForms.csproj", "{EA52326A-21BD-44A9-A4FD-884B1128139B}"
EndProject
Project("{FAE04EC0-301F-11D3-BF4B-00C04F79EFBC}") = "TPLCancellingTasks", "TPLCancellingTasks\TPLCancellingTasks.csproj", "{5F691CD6-AAAC-459B-96E2-788FB6C65B45}"
EndProject
Project("{FAE04EC0-301F-11D3-BF4B-00C04F79EFBC}") = "TPLSynchronizationContextInWinForms", "TPLSynchronizationContextInWinForms\TPLSynchronizationContextInWinForms.csproj", "{51BD95EE-09FC-4BB4-84C5-CB1E483EEB24}"
EndProject
Global
	GlobalSection(SolutionConfigurationPlatforms) = preSolution
		Debug|Any CPU = Debug|Any CPU
		Release|Any CPU = Release|Any CPU
	EndGlobalSection
	GlobalSection(ProjectConfigurationPlatforms) = postSolution
		{D4C51974-E527-499B-A24F-0121CD10252F}.Debug|Any CPU.ActiveCfg = Debug|Any CPU
		{D4C51974-E527-499B-A24F-0121CD10252F}.Debug|Any CPU.Build.0 = Debug|Any CPU
		{D4C51974-E527-499B-A24F-0121CD10252F}.Release|Any CPU.ActiveCfg = Release|Any CPU
		{D4C51974-E527-499B-A24F-0121CD10252F}.Release|Any CPU.Build.0 = Release|Any CPU
		{26335E4F-BA8E-4016-A2A2-1E2F2C693EDA}.Debug|Any CPU.ActiveCfg = Debug|Any CPU
		{26335E4F-BA8E-4016-A2A2-1E2F2C693EDA}.Debug|Any CPU.Build.0 = Debug|Any CPU
		{26335E4F-BA8E-4016-A2A2-1E2F2C693EDA}.Release|Any CPU.ActiveCfg = Release|Any CPU
		{26335E4F-BA8E-4016-A2A2-1E2F2C693EDA}.Release|Any CPU.Build.0 = Release|Any CPU
		{1057D601-72D2-4E82-BDB1-CDE39B138BC5}.Debug|Any CPU.ActiveCfg = Debug|Any CPU
		{1057D601-72D2-4E82-BDB1-CDE39B138BC5}.Debug|Any CPU.Build.0 = Debug|Any CPU
		{1057D601-72D2-4E82-BDB1-CDE39B138BC5}.Release|Any CPU.ActiveCfg = Release|Any CPU
		{1057D601-72D2-4E82-BDB1-CDE39B138BC5}.Release|Any CPU.Build.0 = Release|Any CPU
		{9A172EA8-E454-48AD-AB50-CDF536E9C49C}.Debug|Any CPU.ActiveCfg = Debug|Any CPU
		{9A172EA8-E454-48AD-AB50-CDF536E9C49C}.Debug|Any CPU.Build.0 = Debug|Any CPU
		{9A172EA8-E454-48AD-AB50-CDF536E9C49C}.Release|Any CPU.ActiveCfg = Release|Any CPU
		{9A172EA8-E454-48AD-AB50-CDF536E9C49C}.Release|Any CPU.Build.0 = Release|Any CPU
		{BDAB6431-603A-42F0-9AE6-A7CF594B24BB}.Debug|Any CPU.ActiveCfg = Debug|Any CPU
		{BDAB6431-603A-42F0-9AE6-A7CF594B24BB}.Debug|Any CPU.Build.0 = Debug|Any CPU
		{BDAB6431-603A-42F0-9AE6-A7CF594B24BB}.Release|Any CPU.ActiveCfg = Release|Any CPU
		{BDAB6431-603A-42F0-9AE6-A7CF594B24BB}.Release|Any CPU.Build.0 = Release|Any CPU
		{EA52326A-21BD-44A9-A4FD-884B1128139B}.Debug|Any CPU.ActiveCfg = Debug|Any CPU
		{EA52326A-21BD-44A9-A4FD-884B1128139B}.Debug|Any CPU.Build.0 = Debug|Any CPU
		{EA52326A-21BD-44A9-A4FD-884B1128139B}.Release|Any CPU.ActiveCfg = Release|Any CPU
		{EA52326A-21BD-44A9-A4FD-884B1128139B}.Release|Any CPU.Build.0 = Release|Any CPU
		{5F691CD6-AAAC-459B-96E2-788FB6C65B45}.Debug|Any CPU.ActiveCfg = Debug|Any CPU
		{5F691CD6-AAAC-459B-96E2-788FB6C65B45}.Debug|Any CPU.Build.0 = Debug|Any CPU
		{5F691CD6-AAAC-459B-96E2-788FB6C65B45}.Release|Any CPU.ActiveCfg = Release|Any CPU
		{5F691CD6-AAAC-459B-96E2-788FB6C65B45}.Release|Any CPU.Build.0 = Release|Any CPU
		{51BD95EE-09FC-4BB4-84C5-CB1E483EEB24}.Debug|Any CPU.ActiveCfg = Debug|Any CPU
		{51BD95EE-09FC-4BB4-84C5-CB1E483EEB24}.Debug|Any CPU.Build.0 = Debug|Any CPU
		{51BD95EE-09FC-4BB4-84C5-CB1E483EEB24}.Release|Any CPU.ActiveCfg = Release|Any CPU
		{51BD95EE-09FC-4BB4-84C5-CB1E483EEB24}.Release|Any CPU.Build.0 = Release|Any CPU
	EndGlobalSection
	GlobalSection(SolutionProperties) = preSolution
		HideSolutionNode = FALSE
	EndGlobalSection
EndGlobal
